
Microsoft Visual Studio Solution File, Format Version 12.00
# Visual Studio Version 17
VisualStudioVersion = 17.12.35521.163 d17.12
MinimumVisualStudioVersion = 10.0.40219.1
Project("{FAE04EC0-301F-11D3-BF4B-00C04F79EFBC}") = "CourseManagement.Core", "CourseManagement.Core\CourseManagement.Core.csproj", "{67060EC6-5716-454B-A1A8-4FCA4CBF6288}"
EndProject
Project("{FAE04EC0-301F-11D3-BF4B-00C04F79EFBC}") = "CourseManagement.Repository", "CourseManagement.Repository\CourseManagement.Repository.csproj", "{5FC1D8F6-C5BB-43A8-AB85-70E4F174F057}"
EndProject
Project("{FAE04EC0-301F-11D3-BF4B-00C04F79EFBC}") = "CourseManagement.Service", "CourseManagement.Service\CourseManagement.Service.csproj", "{5E882217-E97D-4150-B693-99CF94BECBF8}"
EndProject
Project("{FAE04EC0-301F-11D3-BF4B-00C04F79EFBC}") = "CourseManagement.API", "CourseManagement.API\CourseManagement.API.csproj", "{9725B9DE-1263-415B-8670-D12EA9779295}"
EndProject
Global
	GlobalSection(SolutionConfigurationPlatforms) = preSolution
		Debug|Any CPU = Debug|Any CPU
		Release|Any CPU = Release|Any CPU
	EndGlobalSection
	GlobalSection(ProjectConfigurationPlatforms) = postSolution
		{67060EC6-5716-454B-A1A8-4FCA4CBF6288}.Debug|Any CPU.ActiveCfg = Debug|Any CPU
		{67060EC6-5716-454B-A1A8-4FCA4CBF6288}.Debug|Any CPU.Build.0 = Debug|Any CPU
		{67060EC6-5716-454B-A1A8-4FCA4CBF6288}.Release|Any CPU.ActiveCfg = Release|Any CPU
		{67060EC6-5716-454B-A1A8-4FCA4CBF6288}.Release|Any CPU.Build.0 = Release|Any CPU
		{5FC1D8F6-C5BB-43A8-AB85-70E4F174F057}.Debug|Any CPU.ActiveCfg = Debug|Any CPU
		{5FC1D8F6-C5BB-43A8-AB85-70E4F174F057}.Debug|Any CPU.Build.0 = Debug|Any CPU
		{5FC1D8F6-C5BB-43A8-AB85-70E4F174F057}.Release|Any CPU.ActiveCfg = Release|Any CPU
		{5FC1D8F6-C5BB-43A8-AB85-70E4F174F057}.Release|Any CPU.Build.0 = Release|Any CPU
		{5E882217-E97D-4150-B693-99CF94BECBF8}.Debug|Any CPU.ActiveCfg = Debug|Any CPU
		{5E882217-E97D-4150-B693-99CF94BECBF8}.Debug|Any CPU.Build.0 = Debug|Any CPU
		{5E882217-E97D-4150-B693-99CF94BECBF8}.Release|Any CPU.ActiveCfg = Release|Any CPU
		{5E882217-E97D-4150-B693-99CF94BECBF8}.Release|Any CPU.Build.0 = Release|Any CPU
		{9725B9DE-1263-415B-8670-D12EA9779295}.Debug|Any CPU.ActiveCfg = Debug|Any CPU
		{9725B9DE-1263-415B-8670-D12EA9779295}.Debug|Any CPU.Build.0 = Debug|Any CPU
		{9725B9DE-1263-415B-8670-D12EA9779295}.Release|Any CPU.ActiveCfg = Release|Any CPU
		{9725B9DE-1263-415B-8670-D12EA9779295}.Release|Any CPU.Build.0 = Release|Any CPU
	EndGlobalSection
	GlobalSection(SolutionProperties) = preSolution
		HideSolutionNode = FALSE
	EndGlobalSection
EndGlobal
